
Microsoft Visual Studio Solution File, Format Version 12.00
# Visual Studio Version 17
VisualStudioVersion = 17.3.32929.385
MinimumVisualStudioVersion = 10.0.40219.1
Project("{9A19103F-16F7-4668-BE54-9A1E7A4F7556}") = "projectService_valueAPI", "projectService_valueAPI\projectService_valueAPI.csproj", "{AF1AD1CD-F28D-43F8-B2BF-47C45179E2ED}"
EndProject
Project("{9A19103F-16F7-4668-BE54-9A1E7A4F7556}") = "MagicVilla_Web", "MagicVilla_Web\MagicVilla_Web.csproj", "{4731A8D8-CFC7-4205-9355-B5684E709726}"
EndProject
Project("{FAE04EC0-301F-11D3-BF4B-00C04F79EFBC}") = "MagicVilla_Utility", "MagicVilla_Utility\MagicVilla_Utility.csproj", "{F268F906-BFED-4058-9476-183808BAF4A2}"
EndProject
Global
	GlobalSection(SolutionConfigurationPlatforms) = preSolution
		Debug|Any CPU = Debug|Any CPU
		Release|Any CPU = Release|Any CPU
	EndGlobalSection
	GlobalSection(ProjectConfigurationPlatforms) = postSolution
		{AF1AD1CD-F28D-43F8-B2BF-47C45179E2ED}.Debug|Any CPU.ActiveCfg = Debug|Any CPU
		{AF1AD1CD-F28D-43F8-B2BF-47C45179E2ED}.Debug|Any CPU.Build.0 = Debug|Any CPU
		{AF1AD1CD-F28D-43F8-B2BF-47C45179E2ED}.Release|Any CPU.ActiveCfg = Release|Any CPU
		{AF1AD1CD-F28D-43F8-B2BF-47C45179E2ED}.Release|Any CPU.Build.0 = Release|Any CPU
		{4731A8D8-CFC7-4205-9355-B5684E709726}.Debug|Any CPU.ActiveCfg = Debug|Any CPU
		{4731A8D8-CFC7-4205-9355-B5684E709726}.Debug|Any CPU.Build.0 = Debug|Any CPU
		{4731A8D8-CFC7-4205-9355-B5684E709726}.Release|Any CPU.ActiveCfg = Release|Any CPU
		{4731A8D8-CFC7-4205-9355-B5684E709726}.Release|Any CPU.Build.0 = Release|Any CPU
		{F268F906-BFED-4058-9476-183808BAF4A2}.Debug|Any CPU.ActiveCfg = Debug|Any CPU
		{F268F906-BFED-4058-9476-183808BAF4A2}.Debug|Any CPU.Build.0 = Debug|Any CPU
		{F268F906-BFED-4058-9476-183808BAF4A2}.Release|Any CPU.ActiveCfg = Release|Any CPU
		{F268F906-BFED-4058-9476-183808BAF4A2}.Release|Any CPU.Build.0 = Release|Any CPU
	EndGlobalSection
	GlobalSection(SolutionProperties) = preSolution
		HideSolutionNode = FALSE
	EndGlobalSection
	GlobalSection(ExtensibilityGlobals) = postSolution
		SolutionGuid = {F4F8F928-D698-422E-81D6-718EF153CB6A}
	EndGlobalSection
EndGlobal
